
Microsoft Visual Studio Solution File, Format Version 12.00
# Visual Studio Version 16
VisualStudioVersion = 16.0.32106.194
MinimumVisualStudioVersion = 10.0.40219.1
Project("{888888A0-9F3D-457C-B088-3A5042F75D52}") = "DDO Vale", "DDO Vale\DDO Vale.pyproj", "{8B90966A-9FEB-4849-B829-C8532DDD0E3C}"
EndProject
Global
	GlobalSection(SolutionConfigurationPlatforms) = preSolution
		Debug|Any CPU = Debug|Any CPU
		Release|Any CPU = Release|Any CPU
	EndGlobalSection
	GlobalSection(ProjectConfigurationPlatforms) = postSolution
		{8B90966A-9FEB-4849-B829-C8532DDD0E3C}.Debug|Any CPU.ActiveCfg = Debug|Any CPU
		{8B90966A-9FEB-4849-B829-C8532DDD0E3C}.Release|Any CPU.ActiveCfg = Release|Any CPU
	EndGlobalSection
	GlobalSection(SolutionProperties) = preSolution
		HideSolutionNode = FALSE
	EndGlobalSection
	GlobalSection(ExtensibilityGlobals) = postSolution
		SolutionGuid = {29163F19-54CC-42CE-B263-A8E72C0FC1FC}
	EndGlobalSection
EndGlobal
